
Microsoft Visual Studio Solution File, Format Version 12.00
# Visual Studio Version 17
VisualStudioVersion = 17.0.31903.59
MinimumVisualStudioVersion = 10.0.40219.1
Project("{FAE04EC0-301F-11D3-BF4B-00C04F79EFBC}") = "HabCo.X9.Core", "HabCo.X9.Core\HabCo.X9.Core.csproj", "{AEE71839-A44A-40A5-910A-80AF9E4BBAF3}"
EndProject
Project("{FAE04EC0-301F-11D3-BF4B-00C04F79EFBC}") = "HabCo.X9.Infrastructure", "HabCo.X9.Infrastructure\HabCo.X9.Infrastructure.csproj", "{9D0A0140-133F-409D-9AB7-3EEAEB423786}"
EndProject
Project("{FAE04EC0-301F-11D3-BF4B-00C04F79EFBC}") = "HabCo.X9.App", "HabCo.X9.App\HabCo.X9.App.csproj", "{D9B1B511-E9EA-487E-958C-B50DF02BD5C5}"
EndProject
Project("{FAE04EC0-301F-11D3-BF4B-00C04F79EFBC}") = "HabCo.X9.Tests", "HabCo.X9.Tests\HabCo.X9.Tests.csproj", "{9C3F1C17-7E07-4BD0-9737-27AB651284B4}"
EndProject
Global
	GlobalSection(SolutionConfigurationPlatforms) = preSolution
		Debug|Any CPU = Debug|Any CPU
		Release|Any CPU = Release|Any CPU
	EndGlobalSection
	GlobalSection(SolutionProperties) = preSolution
		HideSolutionNode = FALSE
	EndGlobalSection
	GlobalSection(ProjectConfigurationPlatforms) = postSolution
		{AEE71839-A44A-40A5-910A-80AF9E4BBAF3}.Debug|Any CPU.ActiveCfg = Debug|Any CPU
		{AEE71839-A44A-40A5-910A-80AF9E4BBAF3}.Debug|Any CPU.Build.0 = Debug|Any CPU
		{AEE71839-A44A-40A5-910A-80AF9E4BBAF3}.Release|Any CPU.ActiveCfg = Release|Any CPU
		{AEE71839-A44A-40A5-910A-80AF9E4BBAF3}.Release|Any CPU.Build.0 = Release|Any CPU
		{9D0A0140-133F-409D-9AB7-3EEAEB423786}.Debug|Any CPU.ActiveCfg = Debug|Any CPU
		{9D0A0140-133F-409D-9AB7-3EEAEB423786}.Debug|Any CPU.Build.0 = Debug|Any CPU
		{9D0A0140-133F-409D-9AB7-3EEAEB423786}.Release|Any CPU.ActiveCfg = Release|Any CPU
		{9D0A0140-133F-409D-9AB7-3EEAEB423786}.Release|Any CPU.Build.0 = Release|Any CPU
		{D9B1B511-E9EA-487E-958C-B50DF02BD5C5}.Debug|Any CPU.ActiveCfg = Debug|Any CPU
		{D9B1B511-E9EA-487E-958C-B50DF02BD5C5}.Debug|Any CPU.Build.0 = Debug|Any CPU
		{D9B1B511-E9EA-487E-958C-B50DF02BD5C5}.Release|Any CPU.ActiveCfg = Release|Any CPU
		{D9B1B511-E9EA-487E-958C-B50DF02BD5C5}.Release|Any CPU.Build.0 = Release|Any CPU
		{9C3F1C17-7E07-4BD0-9737-27AB651284B4}.Debug|Any CPU.ActiveCfg = Debug|Any CPU
		{9C3F1C17-7E07-4BD0-9737-27AB651284B4}.Debug|Any CPU.Build.0 = Debug|Any CPU
		{9C3F1C17-7E07-4BD0-9737-27AB651284B4}.Release|Any CPU.ActiveCfg = Release|Any CPU
		{9C3F1C17-7E07-4BD0-9737-27AB651284B4}.Release|Any CPU.Build.0 = Release|Any CPU
	EndGlobalSection
EndGlobal
